
Microsoft Visual Studio Solution File, Format Version 12.00
# Visual Studio Version 16
VisualStudioVersion = 16.0.31624.102
MinimumVisualStudioVersion = 10.0.40219.1
Project("{FAE04EC0-301F-11D3-BF4B-00C04F79EFBC}") = "HelloWorld", "HelloWorld\HelloWorld.csproj", "{0BD62E14-DC59-4976-B0EA-FC197F99D9B9}"
EndProject
Global
	GlobalSection(SolutionConfigurationPlatforms) = preSolution
		Debug|Any CPU = Debug|Any CPU
		Release|Any CPU = Release|Any CPU
	EndGlobalSection
	GlobalSection(ProjectConfigurationPlatforms) = postSolution
		{0BD62E14-DC59-4976-B0EA-FC197F99D9B9}.Debug|Any CPU.ActiveCfg = Debug|Any CPU
		{0BD62E14-DC59-4976-B0EA-FC197F99D9B9}.Debug|Any CPU.Build.0 = Debug|Any CPU
		{0BD62E14-DC59-4976-B0EA-FC197F99D9B9}.Release|Any CPU.ActiveCfg = Release|Any CPU
		{0BD62E14-DC59-4976-B0EA-FC197F99D9B9}.Release|Any CPU.Build.0 = Release|Any CPU
	EndGlobalSection
	GlobalSection(SolutionProperties) = preSolution
		HideSolutionNode = FALSE
	EndGlobalSection
	GlobalSection(ExtensibilityGlobals) = postSolution
		SolutionGuid = {E79E81B2-9A0F-40EA-949A-356BF85F97A1}
	EndGlobalSection
EndGlobal
